
Microsoft Visual Studio Solution File, Format Version 12.00
# Visual Studio Version 17
VisualStudioVersion = 17.1.32319.34
MinimumVisualStudioVersion = 10.0.40219.1
Project("{FAE04EC0-301F-11D3-BF4B-00C04F79EFBC}") = "OrderOrquestration.WebApi", "OrderOrquestration.WebApi\OrderOrquestration.WebApi.csproj", "{04477434-D8B2-489B-9F63-FE06174F6A77}"
EndProject
Project("{FAE04EC0-301F-11D3-BF4B-00C04F79EFBC}") = "OrderOrquestration.Application", "OrderOrquestration.Application\OrderOrquestration.Application.csproj", "{878E709B-7C7A-4F19-BDF0-02AF5A60D1E4}"
EndProject
Global
	GlobalSection(SolutionConfigurationPlatforms) = preSolution
		Debug|Any CPU = Debug|Any CPU
		Release|Any CPU = Release|Any CPU
	EndGlobalSection
	GlobalSection(ProjectConfigurationPlatforms) = postSolution
		{04477434-D8B2-489B-9F63-FE06174F6A77}.Debug|Any CPU.ActiveCfg = Debug|Any CPU
		{04477434-D8B2-489B-9F63-FE06174F6A77}.Debug|Any CPU.Build.0 = Debug|Any CPU
		{04477434-D8B2-489B-9F63-FE06174F6A77}.Release|Any CPU.ActiveCfg = Release|Any CPU
		{04477434-D8B2-489B-9F63-FE06174F6A77}.Release|Any CPU.Build.0 = Release|Any CPU
		{878E709B-7C7A-4F19-BDF0-02AF5A60D1E4}.Debug|Any CPU.ActiveCfg = Debug|Any CPU
		{878E709B-7C7A-4F19-BDF0-02AF5A60D1E4}.Debug|Any CPU.Build.0 = Debug|Any CPU
		{878E709B-7C7A-4F19-BDF0-02AF5A60D1E4}.Release|Any CPU.ActiveCfg = Release|Any CPU
		{878E709B-7C7A-4F19-BDF0-02AF5A60D1E4}.Release|Any CPU.Build.0 = Release|Any CPU
	EndGlobalSection
	GlobalSection(SolutionProperties) = preSolution
		HideSolutionNode = FALSE
	EndGlobalSection
	GlobalSection(ExtensibilityGlobals) = postSolution
		SolutionGuid = {BD1592D3-A69B-48AA-9B94-445BF59DDB03}
	EndGlobalSection
EndGlobal
